// !$*UTF8*$!
{
	archiveVersion = 1;
	classes = {
	};
	objectVersion = 48;
	objects = {

/* Begin PBXBuildFile section */
		3CAA79101FD16CD40031AC87 /* AppDelegate.swift in Sources */ = {isa = PBXBuildFile; fileRef = 3CAA790F1FD16CD40031AC87 /* AppDelegate.swift */; };
		3CAA79121FD16CD40031AC87 /* ContainerViewController.swift in Sources */ = {isa = PBXBuildFile; fileRef = 3CAA79111FD16CD40031AC87 /* ContainerViewController.swift */; };
		3CAA79151FD16CD40031AC87 /* Main.storyboard in Resources */ = {isa = PBXBuildFile; fileRef = 3CAA79131FD16CD40031AC87 /* Main.storyboard */; };
		3CAA79171FD16CD40031AC87 /* Assets.xcassets in Resources */ = {isa = PBXBuildFile; fileRef = 3CAA79161FD16CD40031AC87 /* Assets.xcassets */; };
		3CAA791A1FD16CD40031AC87 /* LaunchScreen.storyboard in Resources */ = {isa = PBXBuildFile; fileRef = 3CAA79181FD16CD40031AC87 /* LaunchScreen.storyboard */; };
		3CAA79221FD16D5F0031AC87 /* SquareView.swift in Sources */ = {isa = PBXBuildFile; fileRef = 3CAA79211FD16D5F0031AC87 /* SquareView.swift */; };
		3CAA79241FD16D980031AC87 /* DynamicProxyItem.swift in Sources */ = {isa = PBXBuildFile; fileRef = 3CAA79231FD16D980031AC87 /* DynamicProxyItem.swift */; };
		3CAA79261FD1824A0031AC87 /* FancyAnimator.swift in Sources */ = {isa = PBXBuildFile; fileRef = 3CAA79251FD1824A0031AC87 /* FancyAnimator.swift */; };
		3CCB5FAD1FDA9E2000D82A60 /* DeviceMotionHandler.swift in Sources */ = {isa = PBXBuildFile; fileRef = 3CCB5FAC1FDA9E2000D82A60 /* DeviceMotionHandler.swift */; };
/* End PBXBuildFile section */

/* Begin PBXFileReference section */
		3CAA790C1FD16CD40031AC87 /* DynamicsProxy.app */ = {isa = PBXFileReference; explicitFileType = wrapper.application; includeInIndex = 0; path = DynamicsProxy.app; sourceTree = BUILT_PRODUCTS_DIR; };
		3CAA790F1FD16CD40031AC87 /* AppDelegate.swift */ = {isa = PBXFileReference; lastKnownFileType = sourcecode.swift; path = AppDelegate.swift; sourceTree = "<group>"; };
		3CAA79111FD16CD40031AC87 /* ContainerViewController.swift */ = {isa = PBXFileReference; lastKnownFileType = sourcecode.swift; path = ContainerViewController.swift; sourceTree = "<group>"; };
		3CAA79141FD16CD40031AC87 /* Base */ = {isa = PBXFileReference; lastKnownFileType = file.storyboard; name = Base; path = Base.lproj/Main.storyboard; sourceTree = "<group>"; };
		3CAA79161FD16CD40031AC87 /* Assets.xcassets */ = {isa = PBXFileReference; lastKnownFileType = folder.assetcatalog; path = Assets.xcassets; sourceTree = "<group>"; };
		3CAA79191FD16CD40031AC87 /* Base */ = {isa = PBXFileReference; lastKnownFileType = file.storyboard; name = Base; path = Base.lproj/LaunchScreen.storyboard; sourceTree = "<group>"; };
		3CAA791B1FD16CD40031AC87 /* Info.plist */ = {isa = PBXFileReference; lastKnownFileType = text.plist.xml; path = Info.plist; sourceTree = "<group>"; };
		3CAA79211FD16D5F0031AC87 /* SquareView.swift */ = {isa = PBXFileReference; lastKnownFileType = sourcecode.swift; path = SquareView.swift; sourceTree = "<group>"; };
		3CAA79231FD16D980031AC87 /* DynamicProxyItem.swift */ = {isa = PBXFileReference; lastKnownFileType = sourcecode.swift; path = DynamicProxyItem.swift; sourceTree = "<group>"; };
		3CAA79251FD1824A0031AC87 /* FancyAnimator.swift */ = {isa = PBXFileReference; lastKnownFileType = sourcecode.swift; path = FancyAnimator.swift; sourceTree = "<group>"; };
		3CCB5FAC1FDA9E2000D82A60 /* DeviceMotionHandler.swift */ = {isa = PBXFileReference; lastKnownFileType = sourcecode.swift; path = DeviceMotionHandler.swift; sourceTree = "<group>"; };
/* End PBXFileReference section */

/* Begin PBXFrameworksBuildPhase section */
		3CAA79091FD16CD40031AC87 /* Frameworks */ = {
			isa = PBXFrameworksBuildPhase;
			buildActionMask = 2147483647;
			files = (
			);
			runOnlyForDeploymentPostprocessing = 0;
		};
/* End PBXFrameworksBuildPhase section */

/* Begin PBXGroup section */
		3CAA79031FD16CD40031AC87 = {
			isa = PBXGroup;
			children = (
				3CAA790E1FD16CD40031AC87 /* DynamicsProxy */,
				3CAA790D1FD16CD40031AC87 /* Products */,
			);
			sourceTree = "<group>";
		};
		3CAA790D1FD16CD40031AC87 /* Products */ = {
			isa = PBXGroup;
			children = (
				3CAA790C1FD16CD40031AC87 /* DynamicsProxy.app */,
			);
			name = Products;
			sourceTree = "<group>";
		};
		3CAA790E1FD16CD40031AC87 /* DynamicsProxy */ = {
			isa = PBXGroup;
			children = (
				3CCB5FAE1FDAAA1200D82A60 /* Dynamics */,
				3CAA790F1FD16CD40031AC87 /* AppDelegate.swift */,
				3CAA79111FD16CD40031AC87 /* ContainerViewController.swift */,
				3CAA79211FD16D5F0031AC87 /* SquareView.swift */,
				3CAA79131FD16CD40031AC87 /* Main.storyboard */,
				3CAA79161FD16CD40031AC87 /* Assets.xcassets */,
				3CAA79181FD16CD40031AC87 /* LaunchScreen.storyboard */,
				3CAA791B1FD16CD40031AC87 /* Info.plist */,
			);
			path = DynamicsProxy;
			sourceTree = "<group>";
		};
		3CCB5FAE1FDAAA1200D82A60 /* Dynamics */ = {
			isa = PBXGroup;
			children = (
				3CAA79231FD16D980031AC87 /* DynamicProxyItem.swift */,
				3CAA79251FD1824A0031AC87 /* FancyAnimator.swift */,
				3CCB5FAC1FDA9E2000D82A60 /* DeviceMotionHandler.swift */,
			);
			path = Dynamics;
			sourceTree = "<group>";
		};
/* End PBXGroup section */

/* Begin PBXNativeTarget section */
		3CAA790B1FD16CD40031AC87 /* DynamicsProxy */ = {
			isa = PBXNativeTarget;
			buildConfigurationList = 3CAA791E1FD16CD40031AC87 /* Build configuration list for PBXNativeTarget "DynamicsProxy" */;
			buildPhases = (
				3CAA79081FD16CD40031AC87 /* Sources */,
				3CAA79091FD16CD40031AC87 /* Frameworks */,
				3CAA790A1FD16CD40031AC87 /* Resources */,
			);
			buildRules = (
			);
			dependencies = (
			);
			name = DynamicsProxy;
			productName = DynamicsProxy;
			productReference = 3CAA790C1FD16CD40031AC87 /* DynamicsProxy.app */;
			productType = "com.apple.product-type.application";
		};
/* End PBXNativeTarget section */

/* Begin PBXProject section */
		3CAA79041FD16CD40031AC87 /* Project object */ = {
			isa = PBXProject;
			attributes = {
				LastSwiftUpdateCheck = 0910;
				LastUpgradeCheck = 0910;
				ORGANIZATIONNAME = "arconsis IT-Solutions GmbH";
				TargetAttributes = {
					3CAA790B1FD16CD40031AC87 = {
						CreatedOnToolsVersion = 9.1;
						ProvisioningStyle = Manual;
					};
				};
			};
			buildConfigurationList = 3CAA79071FD16CD40031AC87 /* Build configuration list for PBXProject "DynamicsProxy" */;
			compatibilityVersion = "Xcode 8.0";
			developmentRegion = en;
			hasScannedForEncodings = 0;
			knownRegions = (
				en,
				Base,
			);
			mainGroup = 3CAA79031FD16CD40031AC87;
			productRefGroup = 3CAA790D1FD16CD40031AC87 /* Products */;
			projectDirPath = "";
			projectRoot = "";
			targets = (
				3CAA790B1FD16CD40031AC87 /* DynamicsProxy */,
			);
		};
/* End PBXProject section */

/* Begin PBXResourcesBuildPhase section */
		3CAA790A1FD16CD40031AC87 /* Resources */ = {
			isa = PBXResourcesBuildPhase;
			buildActionMask = 2147483647;
			files = (
				3CAA791A1FD16CD40031AC87 /* LaunchScreen.storyboard in Resources */,
				3CAA79171FD16CD40031AC87 /* Assets.xcassets in Resources */,
				3CAA79151FD16CD40031AC87 /* Main.storyboard in Resources */,
			);
			runOnlyForDeploymentPostprocessing = 0;
		};
/* End PBXResourcesBuildPhase section */

/* Begin PBXSourcesBuildPhase section */
		3CAA79081FD16CD40031AC87 /* Sources */ = {
			isa = PBXSourcesBuildPhase;
			buildActionMask = 2147483647;
			files = (
				3CAA79261FD1824A0031AC87 /* FancyAnimator.swift in Sources */,
				3CAA79221FD16D5F0031AC87 /* SquareView.swift in Sources */,
				3CAA79121FD16CD40031AC87 /* ContainerViewController.swift in Sources */,
				3CAA79101FD16CD40031AC87 /* AppDelegate.swift in Sources */,
				3CCB5FAD1FDA9E2000D82A60 /* DeviceMotionHandler.swift in Sources */,
				3CAA79241FD16D980031AC87 /* DynamicProxyItem.swift in Sources */,
			);
			runOnlyForDeploymentPostprocessing = 0;
		};
/* End PBXSourcesBuildPhase section */

/* Begin PBXVariantGroup section */
		3CAA79131FD16CD40031AC87 /* Main.storyboard */ = {
			isa = PBXVariantGroup;
			children = (
				3CAA79141FD16CD40031AC87 /* Base */,
			);
			name = Main.storyboard;
			sourceTree = "<group>";
		};
		3CAA79181FD16CD40031AC87 /* LaunchScreen.storyboard */ = {
			isa = PBXVariantGroup;
			children = (
				3CAA79191FD16CD40031AC87 /* Base */,
			);
			name = LaunchScreen.storyboard;
			sourceTree = "<group>";
		};
/* End PBXVariantGroup section */

/* Begin XCBuildConfiguration section */
		3CAA791C1FD16CD40031AC87 /* Debug */ = {
			isa = XCBuildConfiguration;
			buildSettings = {
				ALWAYS_SEARCH_USER_PATHS = NO;
				CLANG_ANALYZER_NONNULL = YES;
				CLANG_ANALYZER_NUMBER_OBJECT_CONVERSION = YES_AGGRESSIVE;
				CLANG_CXX_LANGUAGE_STANDARD = "gnu++14";
				CLANG_CXX_LIBRARY = "libc++";
				CLANG_ENABLE_MODULES = YES;
				CLANG_ENABLE_OBJC_ARC = YES;
				CLANG_WARN_BLOCK_CAPTURE_AUTORELEASING = YES;
				CLANG_WARN_BOOL_CONVERSION = YES;
				CLANG_WARN_COMMA = YES;
				CLANG_WARN_CONSTANT_CONVERSION = YES;
				CLANG_WARN_DIRECT_OBJC_ISA_USAGE = YES_ERROR;
				CLANG_WARN_DOCUMENTATION_COMMENTS = YES;
				CLANG_WARN_EMPTY_BODY = YES;
				CLANG_WARN_ENUM_CONVERSION = YES;
				CLANG_WARN_INFINITE_RECURSION = YES;
				CLANG_WARN_INT_CONVERSION = YES;
				CLANG_WARN_NON_LITERAL_NULL_CONVERSION = YES;
				CLANG_WARN_OBJC_LITERAL_CONVERSION = YES;
				CLANG_WARN_OBJC_ROOT_CLASS = YES_ERROR;
				CLANG_WARN_RANGE_LOOP_ANALYSIS = YES;
				CLANG_WARN_STRICT_PROTOTYPES = YES;
				CLANG_WARN_SUSPICIOUS_MOVE = YES;
				CLANG_WARN_UNGUARDED_AVAILABILITY = YES_AGGRESSIVE;
				CLANG_WARN_UNREACHABLE_CODE = YES;
				CLANG_WARN__DUPLICATE_METHOD_MATCH = YES;
				CODE_SIGN_IDENTITY = "iPhone Developer";
				COPY_PHASE_STRIP = NO;
				DEBUG_INFORMATION_FORMAT = dwarf;
				ENABLE_STRICT_OBJC_MSGSEND = YES;
				ENABLE_TESTABILITY = YES;
				GCC_C_LANGUAGE_STANDARD = gnu11;
				GCC_DYNAMIC_NO_PIC = NO;
				GCC_NO_COMMON_BLOCKS = YES;
				GCC_OPTIMIZATION_LEVEL = 0;
				GCC_PREPROCESSOR_DEFINITIONS = (
					"DEBUG=1",
					"$(inherited)",
				);
				GCC_WARN_64_TO_32_BIT_CONVERSION = YES;
				GCC_WARN_ABOUT_RETURN_TYPE = YES_ERROR;
				GCC_WARN_UNDECLARED_SELECTOR = YES;
				GCC_WARN_UNINITIALIZED_AUTOS = YES_AGGRESSIVE;
				GCC_WARN_UNUSED_FUNCTION = YES;
				GCC_WARN_UNUSED_VARIABLE = YES;
				IPHONEOS_DEPLOYMENT_TARGET = 11.1;
				MTL_ENABLE_DEBUG_INFO = YES;
				ONLY_ACTIVE_ARCH = YES;
				SDKROOT = iphoneos;
				SWIFT_ACTIVE_COMPILATION_CONDITIONS = DEBUG;
				SWIFT_OPTIMIZATION_LEVEL = "-Onone";
			};
			name = Debug;
		};
		3CAA791D1FD16CD40031AC87 /* Release */ = {
			isa = XCBuildConfiguration;
			buildSettings = {
				ALWAYS_SEARCH_USER_PATHS = NO;
				CLANG_ANALYZER_NONNULL = YES;
				CLANG_ANALYZER_NUMBER_OBJECT_CONVERSION = YES_AGGRESSIVE;
				CLANG_CXX_LANGUAGE_STANDARD = "gnu++14";
				CLANG_CXX_LIBRARY = "libc++";
				CLANG_ENABLE_MODULES = YES;
				CLANG_ENABLE_OBJC_ARC = YES;
				CLANG_WARN_BLOCK_CAPTURE_AUTORELEASING = YES;
				CLANG_WARN_BOOL_CONVERSION = YES;
				CLANG_WARN_COMMA = YES;
				CLANG_WARN_CONSTANT_CONVERSION = YES;
				CLANG_WARN_DIRECT_OBJC_ISA_USAGE = YES_ERROR;
				CLANG_WARN_DOCUMENTATION_COMMENTS = YES;
				CLANG_WARN_EMPTY_BODY = YES;
				CLANG_WARN_ENUM_CONVERSION = YES;
				CLANG_WARN_INFINITE_RECURSION = YES;
				CLANG_WARN_INT_CONVERSION = YES;
				CLANG_WARN_NON_LITERAL_NULL_CONVERSION = YES;
				CLANG_WARN_OBJC_LITERAL_CONVERSION = YES;
				CLANG_WARN_OBJC_ROOT_CLASS = YES_ERROR;
				CLANG_WARN_RANGE_LOOP_ANALYSIS = YES;
				CLANG_WARN_STRICT_PROTOTYPES = YES;
				CLANG_WARN_SUSPICIOUS_MOVE = YES;
				CLANG_WARN_UNGUARDED_AVAILABILITY = YES_AGGRESSIVE;
				CLANG_WARN_UNREACHABLE_CODE = YES;
				CLANG_WARN__DUPLICATE_METHOD_MATCH = YES;
				CODE_SIGN_IDENTITY = "iPhone Developer";
				COPY_PHASE_STRIP = NO;
				DEBUG_INFORMATION_FORMAT = "dwarf-with-dsym";
				ENABLE_NS_ASSERTIONS = NO;
				ENABLE_STRICT_OBJC_MSGSEND = YES;
				GCC_C_LANGUAGE_STANDARD = gnu11;
				GCC_NO_COMMON_BLOCKS = YES;
				GCC_WARN_64_TO_32_BIT_CONVERSION = YES;
				GCC_WARN_ABOUT_RETURN_TYPE = YES_ERROR;
				GCC_WARN_UNDECLARED_SELECTOR = YES;
				GCC_WARN_UNINITIALIZED_AUTOS = YES_AGGRESSIVE;
				GCC_WARN_UNUSED_FUNCTION = YES;
				GCC_WARN_UNUSED_VARIABLE = YES;
				IPHONEOS_DEPLOYMENT_TARGET = 11.1;
				MTL_ENABLE_DEBUG_INFO = NO;
				SDKROOT = iphoneos;
				SWIFT_OPTIMIZATION_LEVEL = "-Owholemodule";
				VALIDATE_PRODUCT = YES;
			};
			name = Release;
		};
		3CAA791F1FD16CD40031AC87 /* Debug */ = {
			isa = XCBuildConfiguration;
			buildSettings = {
				ASSETCATALOG_COMPILER_APPICON_NAME = AppIcon;
				CODE_SIGN_STYLE = Manual;
				DEVELOPMENT_TEAM = "";
				INFOPLIST_FILE = DynamicsProxy/Info.plist;
				LD_RUNPATH_SEARCH_PATHS = "$(inherited) @executable_path/Frameworks";
				PRODUCT_BUNDLE_IDENTIFIER = com.arconsis.DynamicsProxy;
				PRODUCT_NAME = "$(TARGET_NAME)";
				PROVISIONING_PROFILE_SPECIFIER = "";
				SWIFT_VERSION = 4.0;
				TARGETED_DEVICE_FAMILY = "1,2";
			};
			name = Debug;
		};
		3CAA79201FD16CD40031AC87 /* Release */ = {
			isa = XCBuildConfiguration;
			buildSettings = {
				ASSETCATALOG_COMPILER_APPICON_NAME = AppIcon;
				CODE_SIGN_STYLE = Manual;
				DEVELOPMENT_TEAM = "";
				INFOPLIST_FILE = DynamicsProxy/Info.plist;
				LD_RUNPATH_SEARCH_PATHS = "$(inherited) @executable_path/Frameworks";
				PRODUCT_BUNDLE_IDENTIFIER = com.arconsis.DynamicsProxy;
				PRODUCT_NAME = "$(TARGET_NAME)";
				PROVISIONING_PROFILE_SPECIFIER = "";
				SWIFT_VERSION = 4.0;
				TARGETED_DEVICE_FAMILY = "1,2";
			};
			name = Release;
		};
/* End XCBuildConfiguration section */

/* Begin XCConfigurationList section */
		3CAA79071FD16CD40031AC87 /* Build configuration list for PBXProject "DynamicsProxy" */ = {
			isa = XCConfigurationList;
			buildConfigurations = (
				3CAA791C1FD16CD40031AC87 /* Debug */,
				3CAA791D1FD16CD40031AC87 /* Release */,
			);
			defaultConfigurationIsVisible = 0;
			defaultConfigurationName = Release;
		};
		3CAA791E1FD16CD40031AC87 /* Build configuration list for PBXNativeTarget "DynamicsProxy" */ = {
			isa = XCConfigurationList;
			buildConfigurations = (
				3CAA791F1FD16CD40031AC87 /* Debug */,
				3CAA79201FD16CD40031AC87 /* Release */,
			);
			defaultConfigurationIsVisible = 0;
			defaultConfigurationName = Release;
		};
/* End XCConfigurationList section */
	};
	rootObject = 3CAA79041FD16CD40031AC87 /* Project object */;
}
